
Microsoft Visual Studio Solution File, Format Version 12.00
# Visual Studio 15
VisualStudioVersion = 15.0.26430.12
MinimumVisualStudioVersion = 10.0.40219.1
Project("{9A19103F-16F7-4668-BE54-9A1E7A4F7556}") = "Web", "Web\Web.csproj", "{B45FB7BB-FF14-4513-BDDE-EF09F1078F68}"
EndProject
Project("{9A19103F-16F7-4668-BE54-9A1E7A4F7556}") = "Core", "Core\Core.csproj", "{E931234F-A350-4B3D-B8BC-6145EDD6B743}"
EndProject
Project("{9A19103F-16F7-4668-BE54-9A1E7A4F7556}") = "Infrastructure", "Infrastructure\Infrastructure.csproj", "{1753FCE1-6E5A-45AC-AD78-0B3FE407D07F}"
EndProject
Project("{2150E333-8FDC-42A3-9474-1A3956D46DE8}") = "Devops", "Devops", "{4158C9F1-57E7-42AB-924B-ED13D00FCDD4}"
	ProjectSection(SolutionItems) = preProject
		DevOps\Manual deployment steps.md = DevOps\Manual deployment steps.md
	EndProjectSection
EndProject
Project("{151D2E53-A2C4-4D7D-83FE-D05416EBD58E}") = "AzureResourceGroup", "AzureResourceGroup\AzureResourceGroup.deployproj", "{A7C42F96-EF9A-4ECA-91CD-3E51BCC8F0A4}"
EndProject
Project("{2150E333-8FDC-42A3-9474-1A3956D46DE8}") = "Tests", "Tests", "{1F25CF50-0CAF-4076-B6D5-87AC2619AB0E}"
EndProject
Project("{FAE04EC0-301F-11D3-BF4B-00C04F79EFBC}") = "Web.Tests", "Web.Tests\Web.Tests.csproj", "{5011325E-9D1D-4495-BCDC-7F6C55DDE5AA}"
EndProject
Project("{FAE04EC0-301F-11D3-BF4B-00C04F79EFBC}") = "Core.Tests", "Core.Tests\Core.Tests.csproj", "{B4F9CC3F-4E42-4DCB-A0F8-AFBB8E446F35}"
EndProject
Project("{FAE04EC0-301F-11D3-BF4B-00C04F79EFBC}") = "Infrastructure.Tests", "Infrastructure.Tests\Infrastructure.Tests.csproj", "{EFA0D55F-70FE-4283-BB79-5D4C6F5F14F6}"
EndProject
Global
	GlobalSection(SolutionConfigurationPlatforms) = preSolution
		Debug|Any CPU = Debug|Any CPU
		Release|Any CPU = Release|Any CPU
	EndGlobalSection
	GlobalSection(ProjectConfigurationPlatforms) = postSolution
		{B45FB7BB-FF14-4513-BDDE-EF09F1078F68}.Debug|Any CPU.ActiveCfg = Debug|Any CPU
		{B45FB7BB-FF14-4513-BDDE-EF09F1078F68}.Debug|Any CPU.Build.0 = Debug|Any CPU
		{B45FB7BB-FF14-4513-BDDE-EF09F1078F68}.Release|Any CPU.ActiveCfg = Release|Any CPU
		{B45FB7BB-FF14-4513-BDDE-EF09F1078F68}.Release|Any CPU.Build.0 = Release|Any CPU
		{E931234F-A350-4B3D-B8BC-6145EDD6B743}.Debug|Any CPU.ActiveCfg = Debug|Any CPU
		{E931234F-A350-4B3D-B8BC-6145EDD6B743}.Debug|Any CPU.Build.0 = Debug|Any CPU
		{E931234F-A350-4B3D-B8BC-6145EDD6B743}.Release|Any CPU.ActiveCfg = Release|Any CPU
		{E931234F-A350-4B3D-B8BC-6145EDD6B743}.Release|Any CPU.Build.0 = Release|Any CPU
		{1753FCE1-6E5A-45AC-AD78-0B3FE407D07F}.Debug|Any CPU.ActiveCfg = Debug|Any CPU
		{1753FCE1-6E5A-45AC-AD78-0B3FE407D07F}.Debug|Any CPU.Build.0 = Debug|Any CPU
		{1753FCE1-6E5A-45AC-AD78-0B3FE407D07F}.Release|Any CPU.ActiveCfg = Release|Any CPU
		{1753FCE1-6E5A-45AC-AD78-0B3FE407D07F}.Release|Any CPU.Build.0 = Release|Any CPU
		{A7C42F96-EF9A-4ECA-91CD-3E51BCC8F0A4}.Debug|Any CPU.ActiveCfg = Debug|Any CPU
		{A7C42F96-EF9A-4ECA-91CD-3E51BCC8F0A4}.Debug|Any CPU.Build.0 = Debug|Any CPU
		{A7C42F96-EF9A-4ECA-91CD-3E51BCC8F0A4}.Release|Any CPU.ActiveCfg = Release|Any CPU
		{A7C42F96-EF9A-4ECA-91CD-3E51BCC8F0A4}.Release|Any CPU.Build.0 = Release|Any CPU
		{5011325E-9D1D-4495-BCDC-7F6C55DDE5AA}.Debug|Any CPU.ActiveCfg = Debug|Any CPU
		{5011325E-9D1D-4495-BCDC-7F6C55DDE5AA}.Debug|Any CPU.Build.0 = Debug|Any CPU
		{5011325E-9D1D-4495-BCDC-7F6C55DDE5AA}.Release|Any CPU.ActiveCfg = Release|Any CPU
		{5011325E-9D1D-4495-BCDC-7F6C55DDE5AA}.Release|Any CPU.Build.0 = Release|Any CPU
		{B4F9CC3F-4E42-4DCB-A0F8-AFBB8E446F35}.Debug|Any CPU.ActiveCfg = Debug|Any CPU
		{B4F9CC3F-4E42-4DCB-A0F8-AFBB8E446F35}.Debug|Any CPU.Build.0 = Debug|Any CPU
		{B4F9CC3F-4E42-4DCB-A0F8-AFBB8E446F35}.Release|Any CPU.ActiveCfg = Release|Any CPU
		{B4F9CC3F-4E42-4DCB-A0F8-AFBB8E446F35}.Release|Any CPU.Build.0 = Release|Any CPU
		{EFA0D55F-70FE-4283-BB79-5D4C6F5F14F6}.Debug|Any CPU.ActiveCfg = Debug|Any CPU
		{EFA0D55F-70FE-4283-BB79-5D4C6F5F14F6}.Debug|Any CPU.Build.0 = Debug|Any CPU
		{EFA0D55F-70FE-4283-BB79-5D4C6F5F14F6}.Release|Any CPU.ActiveCfg = Release|Any CPU
		{EFA0D55F-70FE-4283-BB79-5D4C6F5F14F6}.Release|Any CPU.Build.0 = Release|Any CPU
	EndGlobalSection
	GlobalSection(SolutionProperties) = preSolution
		HideSolutionNode = FALSE
	EndGlobalSection
	GlobalSection(NestedProjects) = preSolution
		{A7C42F96-EF9A-4ECA-91CD-3E51BCC8F0A4} = {4158C9F1-57E7-42AB-924B-ED13D00FCDD4}
		{5011325E-9D1D-4495-BCDC-7F6C55DDE5AA} = {1F25CF50-0CAF-4076-B6D5-87AC2619AB0E}
		{B4F9CC3F-4E42-4DCB-A0F8-AFBB8E446F35} = {1F25CF50-0CAF-4076-B6D5-87AC2619AB0E}
		{EFA0D55F-70FE-4283-BB79-5D4C6F5F14F6} = {1F25CF50-0CAF-4076-B6D5-87AC2619AB0E}
	EndGlobalSection
EndGlobal
