
Microsoft Visual Studio Solution File, Format Version 12.00
# Visual Studio 15
VisualStudioVersion = 15.0.26430.14
MinimumVisualStudioVersion = 10.0.40219.1
Project("{9A19103F-16F7-4668-BE54-9A1E7A4F7556}") = "Web", "Web\Web.csproj", "{B45FB7BB-FF14-4513-BDDE-EF09F1078F68}"
EndProject
Project("{9A19103F-16F7-4668-BE54-9A1E7A4F7556}") = "Core", "Core\Core.csproj", "{E931234F-A350-4B3D-B8BC-6145EDD6B743}"
EndProject
Project("{9A19103F-16F7-4668-BE54-9A1E7A4F7556}") = "Infrastructure", "Infrastructure\Infrastructure.csproj", "{1753FCE1-6E5A-45AC-AD78-0B3FE407D07F}"
EndProject
Project("{2150E333-8FDC-42A3-9474-1A3956D46DE8}") = "Devops", "Devops", "{4158C9F1-57E7-42AB-924B-ED13D00FCDD4}"
	ProjectSection(SolutionItems) = preProject
		DevOps\Manual deployment steps.md = DevOps\Manual deployment steps.md
	EndProjectSection
EndProject
Project("{151D2E53-A2C4-4D7D-83FE-D05416EBD58E}") = "AzureResourceGroup", "AzureResourceGroup\AzureResourceGroup.deployproj", "{A7C42F96-EF9A-4ECA-91CD-3E51BCC8F0A4}"
EndProject
Project("{2150E333-8FDC-42A3-9474-1A3956D46DE8}") = "UnitTests", "UnitTests", "{1F25CF50-0CAF-4076-B6D5-87AC2619AB0E}"
EndProject
Project("{9A19103F-16F7-4668-BE54-9A1E7A4F7556}") = "Web.Tests", "UnitTests\Web.Tests\Web.Tests.csproj", "{5011325E-9D1D-4495-BCDC-7F6C55DDE5AA}"
EndProject
Project("{9A19103F-16F7-4668-BE54-9A1E7A4F7556}") = "Core.Tests", "UnitTests\Core.Tests\Core.Tests.csproj", "{B4F9CC3F-4E42-4DCB-A0F8-AFBB8E446F35}"
EndProject
Project("{9A19103F-16F7-4668-BE54-9A1E7A4F7556}") = "Infrastructure.Tests", "UnitTests\Infrastructure.Tests\Infrastructure.Tests.csproj", "{EFA0D55F-70FE-4283-BB79-5D4C6F5F14F6}"
EndProject
Project("{9A19103F-16F7-4668-BE54-9A1E7A4F7556}") = "Admin.Tests", "IntegrationTests\Admin.Tests\Admin.Tests.csproj", "{5D2C8DB2-71ED-4FB2-9C1B-AA1DEA375532}"
EndProject
Project("{2150E333-8FDC-42A3-9474-1A3956D46DE8}") = "IntegrationTests", "IntegrationTests", "{ABABF398-A9B7-4F2F-A9FE-F63AA6F2B756}"
EndProject
Project("{9A19103F-16F7-4668-BE54-9A1E7A4F7556}") = "Domain", "Domain\Domain.csproj", "{AA66F439-0103-4F84-9DF2-C56E42C24D8F}"
EndProject
Project("{9A19103F-16F7-4668-BE54-9A1E7A4F7556}") = "ReadModel", "ReadModel\ReadModel.csproj", "{E9258546-ECBC-4786-8591-2EA29811B6E3}"
EndProject
Project("{9A19103F-16F7-4668-BE54-9A1E7A4F7556}") = "ReadModel.Tests", "UnitTests\ReadModel.Tests\ReadModel.Tests.csproj", "{8E6383F7-3025-4AAF-9318-40621A7EDA85}"
EndProject
Project("{9A19103F-16F7-4668-BE54-9A1E7A4F7556}") = "Domain.Tests", "UnitTests\Domain.Tests\Domain.Tests.csproj", "{40A1B719-2E22-4955-9314-295E283051B9}"
EndProject
Project("{9A19103F-16F7-4668-BE54-9A1E7A4F7556}") = "Public.Tests", "IntegrationTests\Public.Tests\Public.Tests.csproj", "{7E52053C-F8E2-4DCC-B99F-A462449D9E70}"
EndProject
Project("{FAE04EC0-301F-11D3-BF4B-00C04F79EFBC}") = "Utilities", "IntegrationTests\Utilities\Utilities.csproj", "{97DA2A1E-0C43-45F1-AB38-C274F1553673}"
EndProject
Global
	GlobalSection(SolutionConfigurationPlatforms) = preSolution
		Debug|Any CPU = Debug|Any CPU
		Release|Any CPU = Release|Any CPU
	EndGlobalSection
	GlobalSection(ProjectConfigurationPlatforms) = postSolution
		{B45FB7BB-FF14-4513-BDDE-EF09F1078F68}.Debug|Any CPU.ActiveCfg = Debug|Any CPU
		{B45FB7BB-FF14-4513-BDDE-EF09F1078F68}.Debug|Any CPU.Build.0 = Debug|Any CPU
		{B45FB7BB-FF14-4513-BDDE-EF09F1078F68}.Release|Any CPU.ActiveCfg = Release|Any CPU
		{B45FB7BB-FF14-4513-BDDE-EF09F1078F68}.Release|Any CPU.Build.0 = Release|Any CPU
		{E931234F-A350-4B3D-B8BC-6145EDD6B743}.Debug|Any CPU.ActiveCfg = Debug|Any CPU
		{E931234F-A350-4B3D-B8BC-6145EDD6B743}.Debug|Any CPU.Build.0 = Debug|Any CPU
		{E931234F-A350-4B3D-B8BC-6145EDD6B743}.Release|Any CPU.ActiveCfg = Release|Any CPU
		{E931234F-A350-4B3D-B8BC-6145EDD6B743}.Release|Any CPU.Build.0 = Release|Any CPU
		{1753FCE1-6E5A-45AC-AD78-0B3FE407D07F}.Debug|Any CPU.ActiveCfg = Debug|Any CPU
		{1753FCE1-6E5A-45AC-AD78-0B3FE407D07F}.Debug|Any CPU.Build.0 = Debug|Any CPU
		{1753FCE1-6E5A-45AC-AD78-0B3FE407D07F}.Release|Any CPU.ActiveCfg = Release|Any CPU
		{1753FCE1-6E5A-45AC-AD78-0B3FE407D07F}.Release|Any CPU.Build.0 = Release|Any CPU
		{A7C42F96-EF9A-4ECA-91CD-3E51BCC8F0A4}.Debug|Any CPU.ActiveCfg = Debug|Any CPU
		{A7C42F96-EF9A-4ECA-91CD-3E51BCC8F0A4}.Debug|Any CPU.Build.0 = Debug|Any CPU
		{A7C42F96-EF9A-4ECA-91CD-3E51BCC8F0A4}.Release|Any CPU.ActiveCfg = Release|Any CPU
		{A7C42F96-EF9A-4ECA-91CD-3E51BCC8F0A4}.Release|Any CPU.Build.0 = Release|Any CPU
		{5011325E-9D1D-4495-BCDC-7F6C55DDE5AA}.Debug|Any CPU.ActiveCfg = Debug|Any CPU
		{5011325E-9D1D-4495-BCDC-7F6C55DDE5AA}.Debug|Any CPU.Build.0 = Debug|Any CPU
		{5011325E-9D1D-4495-BCDC-7F6C55DDE5AA}.Release|Any CPU.ActiveCfg = Release|Any CPU
		{5011325E-9D1D-4495-BCDC-7F6C55DDE5AA}.Release|Any CPU.Build.0 = Release|Any CPU
		{B4F9CC3F-4E42-4DCB-A0F8-AFBB8E446F35}.Debug|Any CPU.ActiveCfg = Debug|Any CPU
		{B4F9CC3F-4E42-4DCB-A0F8-AFBB8E446F35}.Debug|Any CPU.Build.0 = Debug|Any CPU
		{B4F9CC3F-4E42-4DCB-A0F8-AFBB8E446F35}.Release|Any CPU.ActiveCfg = Release|Any CPU
		{B4F9CC3F-4E42-4DCB-A0F8-AFBB8E446F35}.Release|Any CPU.Build.0 = Release|Any CPU
		{EFA0D55F-70FE-4283-BB79-5D4C6F5F14F6}.Debug|Any CPU.ActiveCfg = Debug|Any CPU
		{EFA0D55F-70FE-4283-BB79-5D4C6F5F14F6}.Debug|Any CPU.Build.0 = Debug|Any CPU
		{EFA0D55F-70FE-4283-BB79-5D4C6F5F14F6}.Release|Any CPU.ActiveCfg = Release|Any CPU
		{EFA0D55F-70FE-4283-BB79-5D4C6F5F14F6}.Release|Any CPU.Build.0 = Release|Any CPU
		{5D2C8DB2-71ED-4FB2-9C1B-AA1DEA375532}.Debug|Any CPU.ActiveCfg = Debug|Any CPU
		{5D2C8DB2-71ED-4FB2-9C1B-AA1DEA375532}.Debug|Any CPU.Build.0 = Debug|Any CPU
		{5D2C8DB2-71ED-4FB2-9C1B-AA1DEA375532}.Release|Any CPU.ActiveCfg = Release|Any CPU
		{5D2C8DB2-71ED-4FB2-9C1B-AA1DEA375532}.Release|Any CPU.Build.0 = Release|Any CPU
		{AA66F439-0103-4F84-9DF2-C56E42C24D8F}.Debug|Any CPU.ActiveCfg = Debug|Any CPU
		{AA66F439-0103-4F84-9DF2-C56E42C24D8F}.Debug|Any CPU.Build.0 = Debug|Any CPU
		{AA66F439-0103-4F84-9DF2-C56E42C24D8F}.Release|Any CPU.ActiveCfg = Release|Any CPU
		{AA66F439-0103-4F84-9DF2-C56E42C24D8F}.Release|Any CPU.Build.0 = Release|Any CPU
		{E9258546-ECBC-4786-8591-2EA29811B6E3}.Debug|Any CPU.ActiveCfg = Debug|Any CPU
		{E9258546-ECBC-4786-8591-2EA29811B6E3}.Debug|Any CPU.Build.0 = Debug|Any CPU
		{E9258546-ECBC-4786-8591-2EA29811B6E3}.Release|Any CPU.ActiveCfg = Release|Any CPU
		{E9258546-ECBC-4786-8591-2EA29811B6E3}.Release|Any CPU.Build.0 = Release|Any CPU
		{8E6383F7-3025-4AAF-9318-40621A7EDA85}.Debug|Any CPU.ActiveCfg = Debug|Any CPU
		{8E6383F7-3025-4AAF-9318-40621A7EDA85}.Debug|Any CPU.Build.0 = Debug|Any CPU
		{8E6383F7-3025-4AAF-9318-40621A7EDA85}.Release|Any CPU.ActiveCfg = Release|Any CPU
		{8E6383F7-3025-4AAF-9318-40621A7EDA85}.Release|Any CPU.Build.0 = Release|Any CPU
		{40A1B719-2E22-4955-9314-295E283051B9}.Debug|Any CPU.ActiveCfg = Debug|Any CPU
		{40A1B719-2E22-4955-9314-295E283051B9}.Debug|Any CPU.Build.0 = Debug|Any CPU
		{40A1B719-2E22-4955-9314-295E283051B9}.Release|Any CPU.ActiveCfg = Release|Any CPU
		{40A1B719-2E22-4955-9314-295E283051B9}.Release|Any CPU.Build.0 = Release|Any CPU
		{7E52053C-F8E2-4DCC-B99F-A462449D9E70}.Debug|Any CPU.ActiveCfg = Debug|Any CPU
		{7E52053C-F8E2-4DCC-B99F-A462449D9E70}.Debug|Any CPU.Build.0 = Debug|Any CPU
		{7E52053C-F8E2-4DCC-B99F-A462449D9E70}.Release|Any CPU.ActiveCfg = Release|Any CPU
		{7E52053C-F8E2-4DCC-B99F-A462449D9E70}.Release|Any CPU.Build.0 = Release|Any CPU
		{97DA2A1E-0C43-45F1-AB38-C274F1553673}.Debug|Any CPU.ActiveCfg = Debug|Any CPU
		{97DA2A1E-0C43-45F1-AB38-C274F1553673}.Debug|Any CPU.Build.0 = Debug|Any CPU
		{97DA2A1E-0C43-45F1-AB38-C274F1553673}.Release|Any CPU.ActiveCfg = Release|Any CPU
		{97DA2A1E-0C43-45F1-AB38-C274F1553673}.Release|Any CPU.Build.0 = Release|Any CPU
	EndGlobalSection
	GlobalSection(SolutionProperties) = preSolution
		HideSolutionNode = FALSE
	EndGlobalSection
	GlobalSection(NestedProjects) = preSolution
		{A7C42F96-EF9A-4ECA-91CD-3E51BCC8F0A4} = {4158C9F1-57E7-42AB-924B-ED13D00FCDD4}
		{5011325E-9D1D-4495-BCDC-7F6C55DDE5AA} = {1F25CF50-0CAF-4076-B6D5-87AC2619AB0E}
		{B4F9CC3F-4E42-4DCB-A0F8-AFBB8E446F35} = {1F25CF50-0CAF-4076-B6D5-87AC2619AB0E}
		{EFA0D55F-70FE-4283-BB79-5D4C6F5F14F6} = {1F25CF50-0CAF-4076-B6D5-87AC2619AB0E}
		{5D2C8DB2-71ED-4FB2-9C1B-AA1DEA375532} = {ABABF398-A9B7-4F2F-A9FE-F63AA6F2B756}
		{8E6383F7-3025-4AAF-9318-40621A7EDA85} = {1F25CF50-0CAF-4076-B6D5-87AC2619AB0E}
		{40A1B719-2E22-4955-9314-295E283051B9} = {1F25CF50-0CAF-4076-B6D5-87AC2619AB0E}
		{7E52053C-F8E2-4DCC-B99F-A462449D9E70} = {ABABF398-A9B7-4F2F-A9FE-F63AA6F2B756}
		{97DA2A1E-0C43-45F1-AB38-C274F1553673} = {ABABF398-A9B7-4F2F-A9FE-F63AA6F2B756}
	EndGlobalSection
EndGlobal
